
Microsoft Visual Studio Solution File, Format Version 12.00
# Visual Studio Version 17
VisualStudioVersion = 17.4.33213.308
MinimumVisualStudioVersion = 10.0.40219.1
Project("{FAE04EC0-301F-11D3-BF4B-00C04F79EFBC}") = "Geometry", "Geometry\Geometry.csproj", "{C1A88C7D-D961-4D36-9CD7-18173A32701F}"
EndProject
Global
	GlobalSection(SolutionConfigurationPlatforms) = preSolution
		Debug|Any CPU = Debug|Any CPU
		Release|Any CPU = Release|Any CPU
	EndGlobalSection
	GlobalSection(ProjectConfigurationPlatforms) = postSolution
		{C1A88C7D-D961-4D36-9CD7-18173A32701F}.Debug|Any CPU.ActiveCfg = Debug|Any CPU
		{C1A88C7D-D961-4D36-9CD7-18173A32701F}.Debug|Any CPU.Build.0 = Debug|Any CPU
		{C1A88C7D-D961-4D36-9CD7-18173A32701F}.Release|Any CPU.ActiveCfg = Release|Any CPU
		{C1A88C7D-D961-4D36-9CD7-18173A32701F}.Release|Any CPU.Build.0 = Release|Any CPU
	EndGlobalSection
	GlobalSection(SolutionProperties) = preSolution
		HideSolutionNode = FALSE
	EndGlobalSection
	GlobalSection(ExtensibilityGlobals) = postSolution
		SolutionGuid = {B58D78F3-C563-40C2-8C40-256400DE803C}
	EndGlobalSection
EndGlobal
