
Microsoft Visual Studio Solution File, Format Version 12.00
# Visual Studio Version 17
VisualStudioVersion = 17.5.33502.453
MinimumVisualStudioVersion = 10.0.40219.1
Project("{FAE04EC0-301F-11D3-BF4B-00C04F79EFBC}") = "JSONSerialization", "JSONSerialization\JSONSerialization.csproj", "{BF2EA6E7-69D4-40BF-BCCB-FBDFEB1C7055}"
EndProject
Global
	GlobalSection(SolutionConfigurationPlatforms) = preSolution
		Debug|Any CPU = Debug|Any CPU
		Release|Any CPU = Release|Any CPU
	EndGlobalSection
	GlobalSection(ProjectConfigurationPlatforms) = postSolution
		{BF2EA6E7-69D4-40BF-BCCB-FBDFEB1C7055}.Debug|Any CPU.ActiveCfg = Debug|Any CPU
		{BF2EA6E7-69D4-40BF-BCCB-FBDFEB1C7055}.Debug|Any CPU.Build.0 = Debug|Any CPU
		{BF2EA6E7-69D4-40BF-BCCB-FBDFEB1C7055}.Release|Any CPU.ActiveCfg = Release|Any CPU
		{BF2EA6E7-69D4-40BF-BCCB-FBDFEB1C7055}.Release|Any CPU.Build.0 = Release|Any CPU
	EndGlobalSection
	GlobalSection(SolutionProperties) = preSolution
		HideSolutionNode = FALSE
	EndGlobalSection
	GlobalSection(ExtensibilityGlobals) = postSolution
		SolutionGuid = {D9F3527E-3064-43F5-AE06-7A4A8D5072A4}
	EndGlobalSection
EndGlobal
