
Microsoft Visual Studio Solution File, Format Version 12.00
# Visual Studio Version 17
VisualStudioVersion = 17.5.33502.453
MinimumVisualStudioVersion = 10.0.40219.1
Project("{FAE04EC0-301F-11D3-BF4B-00C04F79EFBC}") = "LineReader", "LineReader\LineReader.csproj", "{BF51F8A5-57E3-437D-A184-AFCC693D8EFC}"
EndProject
Global
	GlobalSection(SolutionConfigurationPlatforms) = preSolution
		Debug|Any CPU = Debug|Any CPU
		Release|Any CPU = Release|Any CPU
	EndGlobalSection
	GlobalSection(ProjectConfigurationPlatforms) = postSolution
		{BF51F8A5-57E3-437D-A184-AFCC693D8EFC}.Debug|Any CPU.ActiveCfg = Debug|Any CPU
		{BF51F8A5-57E3-437D-A184-AFCC693D8EFC}.Debug|Any CPU.Build.0 = Debug|Any CPU
		{BF51F8A5-57E3-437D-A184-AFCC693D8EFC}.Release|Any CPU.ActiveCfg = Release|Any CPU
		{BF51F8A5-57E3-437D-A184-AFCC693D8EFC}.Release|Any CPU.Build.0 = Release|Any CPU
	EndGlobalSection
	GlobalSection(SolutionProperties) = preSolution
		HideSolutionNode = FALSE
	EndGlobalSection
	GlobalSection(ExtensibilityGlobals) = postSolution
		SolutionGuid = {A811847D-E747-4404-A6CA-AC41388C4220}
	EndGlobalSection
EndGlobal
